
Microsoft Visual Studio Solution File, Format Version 12.00
# Visual Studio 2013
VisualStudioVersion = 12.0.31101.0
MinimumVisualStudioVersion = 10.0.40219.1
Project("{FAE04EC0-301F-11D3-BF4B-00C04F79EFBC}") = "News Ticker", "News Ticker\News Ticker.csproj", "{9BE88CCA-5B54-4955-9C4D-C373D0DB48DE}"
EndProject
Global
	GlobalSection(SolutionConfigurationPlatforms) = preSolution
		Debug|Any CPU = Debug|Any CPU
		Release|Any CPU = Release|Any CPU
	EndGlobalSection
	GlobalSection(ProjectConfigurationPlatforms) = postSolution
		{9BE88CCA-5B54-4955-9C4D-C373D0DB48DE}.Debug|Any CPU.ActiveCfg = Debug|Any CPU
		{9BE88CCA-5B54-4955-9C4D-C373D0DB48DE}.Debug|Any CPU.Build.0 = Debug|Any CPU
		{9BE88CCA-5B54-4955-9C4D-C373D0DB48DE}.Release|Any CPU.ActiveCfg = Release|Any CPU
		{9BE88CCA-5B54-4955-9C4D-C373D0DB48DE}.Release|Any CPU.Build.0 = Release|Any CPU
	EndGlobalSection
	GlobalSection(SolutionProperties) = preSolution
		HideSolutionNode = FALSE
	EndGlobalSection
EndGlobal
